// !$*UTF8*$!
{
	archiveVersion = 1;
	classes = {
	};
	objectVersion = 56;
	objects = {

/* Begin PBXBuildFile section */
		FF1DAB3D2A47BF4100DABE85 /* DubDubGrubApp.swift in Sources */ = {isa = PBXBuildFile; fileRef = FF1DAB3C2A47BF4100DABE85 /* DubDubGrubApp.swift */; };
		FF1DAB412A47BF4300DABE85 /* Assets.xcassets in Resources */ = {isa = PBXBuildFile; fileRef = FF1DAB402A47BF4300DABE85 /* Assets.xcassets */; };
		FF1DAB442A47BF4300DABE85 /* Preview Assets.xcassets in Resources */ = {isa = PBXBuildFile; fileRef = FF1DAB432A47BF4300DABE85 /* Preview Assets.xcassets */; };
		FF1DAB4C2A47C1E000DABE85 /* Color+Ext.swift in Sources */ = {isa = PBXBuildFile; fileRef = FF1DAB4B2A47C1E000DABE85 /* Color+Ext.swift */; };
		FF1DAB4E2A47C35200DABE85 /* AppTabView.swift in Sources */ = {isa = PBXBuildFile; fileRef = FF1DAB4D2A47C35200DABE85 /* AppTabView.swift */; };
		FF1DAB502A47C43200DABE85 /* LocationMapView.swift in Sources */ = {isa = PBXBuildFile; fileRef = FF1DAB4F2A47C43200DABE85 /* LocationMapView.swift */; };
		FF1DAB522A47C5D000DABE85 /* LocationListView.swift in Sources */ = {isa = PBXBuildFile; fileRef = FF1DAB512A47C5D000DABE85 /* LocationListView.swift */; };
		FF1DAB542A47C5E000DABE85 /* ProfileView.swift in Sources */ = {isa = PBXBuildFile; fileRef = FF1DAB532A47C5E000DABE85 /* ProfileView.swift */; };
		FF4F92862A4EFB2000D803B8 /* LocationCell.swift in Sources */ = {isa = PBXBuildFile; fileRef = FF4F92852A4EFB2000D803B8 /* LocationCell.swift */; };
		FF4F92882A4EFB6300D803B8 /* AvatarView.swift in Sources */ = {isa = PBXBuildFile; fileRef = FF4F92872A4EFB6300D803B8 /* AvatarView.swift */; };
		FF4F928A2A4F065100D803B8 /* CustomModifiers.swift in Sources */ = {isa = PBXBuildFile; fileRef = FF4F92892A4F065100D803B8 /* CustomModifiers.swift */; };
		FF4F928C2A4F067500D803B8 /* View+Ext.swift in Sources */ = {isa = PBXBuildFile; fileRef = FF4F928B2A4F067500D803B8 /* View+Ext.swift */; };
		FF4F928E2A4F072600D803B8 /* DDGButton.swift in Sources */ = {isa = PBXBuildFile; fileRef = FF4F928D2A4F072600D803B8 /* DDGButton.swift */; };
		FF7924202A49C163007F083B /* LocationDetailView.swift in Sources */ = {isa = PBXBuildFile; fileRef = FF79241F2A49C163007F083B /* LocationDetailView.swift */; };
		FFFD87862A51E20B008CAEAC /* DDGLocation.swift in Sources */ = {isa = PBXBuildFile; fileRef = FFFD87852A51E20B008CAEAC /* DDGLocation.swift */; };
		FFFD87882A51EB7C008CAEAC /* DDGProfile.swift in Sources */ = {isa = PBXBuildFile; fileRef = FFFD87872A51EB7C008CAEAC /* DDGProfile.swift */; };
		FFFD878A2A51ECE4008CAEAC /* MockData.swift in Sources */ = {isa = PBXBuildFile; fileRef = FFFD87892A51ECE4008CAEAC /* MockData.swift */; };
		FFFD878D2A51FE97008CAEAC /* CloudKitManager.swift in Sources */ = {isa = PBXBuildFile; fileRef = FFFD878C2A51FE97008CAEAC /* CloudKitManager.swift */; };
		FFFD87902A51FFD5008CAEAC /* Constants.swift in Sources */ = {isa = PBXBuildFile; fileRef = FFFD878F2A51FFD5008CAEAC /* Constants.swift */; };
		FFFD87922A5204FC008CAEAC /* CKRecord+Ext.swift in Sources */ = {isa = PBXBuildFile; fileRef = FFFD87912A5204FC008CAEAC /* CKRecord+Ext.swift */; };
		FFFD87942A522E53008CAEAC /* AlertItem.swift in Sources */ = {isa = PBXBuildFile; fileRef = FFFD87932A522E53008CAEAC /* AlertItem.swift */; };
		FFFD87972A523397008CAEAC /* LocationMapViewModel.swift in Sources */ = {isa = PBXBuildFile; fileRef = FFFD87962A523397008CAEAC /* LocationMapViewModel.swift */; };
/* End PBXBuildFile section */

/* Begin PBXFileReference section */
		FF1DAB392A47BF4100DABE85 /* DubDubGrub.app */ = {isa = PBXFileReference; explicitFileType = wrapper.application; includeInIndex = 0; path = DubDubGrub.app; sourceTree = BUILT_PRODUCTS_DIR; };
		FF1DAB3C2A47BF4100DABE85 /* DubDubGrubApp.swift */ = {isa = PBXFileReference; lastKnownFileType = sourcecode.swift; path = DubDubGrubApp.swift; sourceTree = "<group>"; };
		FF1DAB402A47BF4300DABE85 /* Assets.xcassets */ = {isa = PBXFileReference; lastKnownFileType = folder.assetcatalog; path = Assets.xcassets; sourceTree = "<group>"; };
		FF1DAB432A47BF4300DABE85 /* Preview Assets.xcassets */ = {isa = PBXFileReference; lastKnownFileType = folder.assetcatalog; path = "Preview Assets.xcassets"; sourceTree = "<group>"; };
		FF1DAB4A2A47BFA400DABE85 /* DubDubGrub.entitlements */ = {isa = PBXFileReference; lastKnownFileType = text.plist.entitlements; path = DubDubGrub.entitlements; sourceTree = "<group>"; };
		FF1DAB4B2A47C1E000DABE85 /* Color+Ext.swift */ = {isa = PBXFileReference; lastKnownFileType = sourcecode.swift; path = "Color+Ext.swift"; sourceTree = "<group>"; };
		FF1DAB4D2A47C35200DABE85 /* AppTabView.swift */ = {isa = PBXFileReference; lastKnownFileType = sourcecode.swift; path = AppTabView.swift; sourceTree = "<group>"; };
		FF1DAB4F2A47C43200DABE85 /* LocationMapView.swift */ = {isa = PBXFileReference; lastKnownFileType = sourcecode.swift; path = LocationMapView.swift; sourceTree = "<group>"; };
		FF1DAB512A47C5D000DABE85 /* LocationListView.swift */ = {isa = PBXFileReference; lastKnownFileType = sourcecode.swift; path = LocationListView.swift; sourceTree = "<group>"; };
		FF1DAB532A47C5E000DABE85 /* ProfileView.swift */ = {isa = PBXFileReference; lastKnownFileType = sourcecode.swift; path = ProfileView.swift; sourceTree = "<group>"; };
		FF4F92852A4EFB2000D803B8 /* LocationCell.swift */ = {isa = PBXFileReference; lastKnownFileType = sourcecode.swift; path = LocationCell.swift; sourceTree = "<group>"; };
		FF4F92872A4EFB6300D803B8 /* AvatarView.swift */ = {isa = PBXFileReference; lastKnownFileType = sourcecode.swift; path = AvatarView.swift; sourceTree = "<group>"; };
		FF4F92892A4F065100D803B8 /* CustomModifiers.swift */ = {isa = PBXFileReference; lastKnownFileType = sourcecode.swift; path = CustomModifiers.swift; sourceTree = "<group>"; };
		FF4F928B2A4F067500D803B8 /* View+Ext.swift */ = {isa = PBXFileReference; lastKnownFileType = sourcecode.swift; path = "View+Ext.swift"; sourceTree = "<group>"; };
		FF4F928D2A4F072600D803B8 /* DDGButton.swift */ = {isa = PBXFileReference; lastKnownFileType = sourcecode.swift; path = DDGButton.swift; sourceTree = "<group>"; };
		FF79241F2A49C163007F083B /* LocationDetailView.swift */ = {isa = PBXFileReference; lastKnownFileType = sourcecode.swift; path = LocationDetailView.swift; sourceTree = "<group>"; };
		FFFD87852A51E20B008CAEAC /* DDGLocation.swift */ = {isa = PBXFileReference; lastKnownFileType = sourcecode.swift; path = DDGLocation.swift; sourceTree = "<group>"; };
		FFFD87872A51EB7C008CAEAC /* DDGProfile.swift */ = {isa = PBXFileReference; lastKnownFileType = sourcecode.swift; path = DDGProfile.swift; sourceTree = "<group>"; };
		FFFD87892A51ECE4008CAEAC /* MockData.swift */ = {isa = PBXFileReference; lastKnownFileType = sourcecode.swift; path = MockData.swift; sourceTree = "<group>"; };
		FFFD878C2A51FE97008CAEAC /* CloudKitManager.swift */ = {isa = PBXFileReference; lastKnownFileType = sourcecode.swift; path = CloudKitManager.swift; sourceTree = "<group>"; };
		FFFD878F2A51FFD5008CAEAC /* Constants.swift */ = {isa = PBXFileReference; lastKnownFileType = sourcecode.swift; path = Constants.swift; sourceTree = "<group>"; };
		FFFD87912A5204FC008CAEAC /* CKRecord+Ext.swift */ = {isa = PBXFileReference; lastKnownFileType = sourcecode.swift; path = "CKRecord+Ext.swift"; sourceTree = "<group>"; };
		FFFD87932A522E53008CAEAC /* AlertItem.swift */ = {isa = PBXFileReference; lastKnownFileType = sourcecode.swift; path = AlertItem.swift; sourceTree = "<group>"; };
		FFFD87962A523397008CAEAC /* LocationMapViewModel.swift */ = {isa = PBXFileReference; lastKnownFileType = sourcecode.swift; path = LocationMapViewModel.swift; sourceTree = "<group>"; };
/* End PBXFileReference section */

/* Begin PBXFrameworksBuildPhase section */
		FF1DAB362A47BF4100DABE85 /* Frameworks */ = {
			isa = PBXFrameworksBuildPhase;
			buildActionMask = 2147483647;
			files = (
			);
			runOnlyForDeploymentPostprocessing = 0;
		};
/* End PBXFrameworksBuildPhase section */

/* Begin PBXGroup section */
		FF1DAB302A47BF4100DABE85 = {
			isa = PBXGroup;
			children = (
				FF1DAB3B2A47BF4100DABE85 /* DubDubGrub */,
				FF1DAB3A2A47BF4100DABE85 /* Products */,
			);
			sourceTree = "<group>";
		};
		FF1DAB3A2A47BF4100DABE85 /* Products */ = {
			isa = PBXGroup;
			children = (
				FF1DAB392A47BF4100DABE85 /* DubDubGrub.app */,
			);
			name = Products;
			sourceTree = "<group>";
		};
		FF1DAB3B2A47BF4100DABE85 /* DubDubGrub */ = {
			isa = PBXGroup;
			children = (
				FFFD878E2A51FFBD008CAEAC /* Utilities */,
				FFFD878B2A51FE84008CAEAC /* Managers */,
				FFFD87842A51E1FD008CAEAC /* Model */,
				FF4F928F2A4F089900D803B8 /* Extension */,
				FF4F92902A4F08AE00D803B8 /* Views */,
				FF1DAB4A2A47BFA400DABE85 /* DubDubGrub.entitlements */,
				FF1DAB3C2A47BF4100DABE85 /* DubDubGrubApp.swift */,
				FF1DAB402A47BF4300DABE85 /* Assets.xcassets */,
				FF1DAB422A47BF4300DABE85 /* Preview Content */,
			);
			path = DubDubGrub;
			sourceTree = "<group>";
		};
		FF1DAB422A47BF4300DABE85 /* Preview Content */ = {
			isa = PBXGroup;
			children = (
				FF1DAB432A47BF4300DABE85 /* Preview Assets.xcassets */,
			);
			path = "Preview Content";
			sourceTree = "<group>";
		};
		FF4F928F2A4F089900D803B8 /* Extension */ = {
			isa = PBXGroup;
			children = (
				FF1DAB4B2A47C1E000DABE85 /* Color+Ext.swift */,
				FF4F928B2A4F067500D803B8 /* View+Ext.swift */,
				FFFD87912A5204FC008CAEAC /* CKRecord+Ext.swift */,
			);
			path = Extension;
			sourceTree = "<group>";
		};
		FF4F92902A4F08AE00D803B8 /* Views */ = {
			isa = PBXGroup;
			children = (
				FF4F92892A4F065100D803B8 /* CustomModifiers.swift */,
				FF4F92932A4F08E200D803B8 /* CustomViews */,
				FF4F92922A4F08DC00D803B8 /* Cells */,
				FF4F92912A4F08C000D803B8 /* Screens */,
			);
			path = Views;
			sourceTree = "<group>";
		};
		FF4F92912A4F08C000D803B8 /* Screens */ = {
			isa = PBXGroup;
			children = (
				FFFD87952A52337D008CAEAC /* LocationMapView */,
				FF1DAB532A47C5E000DABE85 /* ProfileView.swift */,
				FF1DAB512A47C5D000DABE85 /* LocationListView.swift */,
				FF79241F2A49C163007F083B /* LocationDetailView.swift */,
				FF1DAB4D2A47C35200DABE85 /* AppTabView.swift */,
			);
			path = Screens;
			sourceTree = "<group>";
		};
		FF4F92922A4F08DC00D803B8 /* Cells */ = {
			isa = PBXGroup;
			children = (
				FF4F92852A4EFB2000D803B8 /* LocationCell.swift */,
			);
			path = Cells;
			sourceTree = "<group>";
		};
		FF4F92932A4F08E200D803B8 /* CustomViews */ = {
			isa = PBXGroup;
			children = (
				FF4F92872A4EFB6300D803B8 /* AvatarView.swift */,
				FF4F928D2A4F072600D803B8 /* DDGButton.swift */,
			);
			path = CustomViews;
			sourceTree = "<group>";
		};
		FFFD87842A51E1FD008CAEAC /* Model */ = {
			isa = PBXGroup;
			children = (
				FFFD87852A51E20B008CAEAC /* DDGLocation.swift */,
				FFFD87872A51EB7C008CAEAC /* DDGProfile.swift */,
				FFFD87892A51ECE4008CAEAC /* MockData.swift */,
			);
			path = Model;
			sourceTree = "<group>";
		};
		FFFD878B2A51FE84008CAEAC /* Managers */ = {
			isa = PBXGroup;
			children = (
				FFFD878C2A51FE97008CAEAC /* CloudKitManager.swift */,
			);
			path = Managers;
			sourceTree = "<group>";
		};
		FFFD878E2A51FFBD008CAEAC /* Utilities */ = {
			isa = PBXGroup;
			children = (
				FFFD878F2A51FFD5008CAEAC /* Constants.swift */,
				FFFD87932A522E53008CAEAC /* AlertItem.swift */,
			);
			path = Utilities;
			sourceTree = "<group>";
		};
		FFFD87952A52337D008CAEAC /* LocationMapView */ = {
			isa = PBXGroup;
			children = (
				FF1DAB4F2A47C43200DABE85 /* LocationMapView.swift */,
				FFFD87962A523397008CAEAC /* LocationMapViewModel.swift */,
			);
			path = LocationMapView;
			sourceTree = "<group>";
		};
/* End PBXGroup section */

/* Begin PBXNativeTarget section */
		FF1DAB382A47BF4100DABE85 /* DubDubGrub */ = {
			isa = PBXNativeTarget;
			buildConfigurationList = FF1DAB472A47BF4300DABE85 /* Build configuration list for PBXNativeTarget "DubDubGrub" */;
			buildPhases = (
				FF1DAB352A47BF4100DABE85 /* Sources */,
				FF1DAB362A47BF4100DABE85 /* Frameworks */,
				FF1DAB372A47BF4100DABE85 /* Resources */,
			);
			buildRules = (
			);
			dependencies = (
			);
			name = DubDubGrub;
			productName = DubDubGrub;
			productReference = FF1DAB392A47BF4100DABE85 /* DubDubGrub.app */;
			productType = "com.apple.product-type.application";
		};
/* End PBXNativeTarget section */

/* Begin PBXProject section */
		FF1DAB312A47BF4100DABE85 /* Project object */ = {
			isa = PBXProject;
			attributes = {
				BuildIndependentTargetsInParallel = 1;
				LastSwiftUpdateCheck = 1430;
				LastUpgradeCheck = 1430;
				TargetAttributes = {
					FF1DAB382A47BF4100DABE85 = {
						CreatedOnToolsVersion = 14.3;
					};
				};
			};
			buildConfigurationList = FF1DAB342A47BF4100DABE85 /* Build configuration list for PBXProject "DubDubGrub" */;
			compatibilityVersion = "Xcode 14.0";
			developmentRegion = en;
			hasScannedForEncodings = 0;
			knownRegions = (
				en,
				Base,
			);
			mainGroup = FF1DAB302A47BF4100DABE85;
			productRefGroup = FF1DAB3A2A47BF4100DABE85 /* Products */;
			projectDirPath = "";
			projectRoot = "";
			targets = (
				FF1DAB382A47BF4100DABE85 /* DubDubGrub */,
			);
		};
/* End PBXProject section */

/* Begin PBXResourcesBuildPhase section */
		FF1DAB372A47BF4100DABE85 /* Resources */ = {
			isa = PBXResourcesBuildPhase;
			buildActionMask = 2147483647;
			files = (
				FF1DAB442A47BF4300DABE85 /* Preview Assets.xcassets in Resources */,
				FF1DAB412A47BF4300DABE85 /* Assets.xcassets in Resources */,
			);
			runOnlyForDeploymentPostprocessing = 0;
		};
/* End PBXResourcesBuildPhase section */

/* Begin PBXSourcesBuildPhase section */
		FF1DAB352A47BF4100DABE85 /* Sources */ = {
			isa = PBXSourcesBuildPhase;
			buildActionMask = 2147483647;
			files = (
				FF1DAB3D2A47BF4100DABE85 /* DubDubGrubApp.swift in Sources */,
				FFFD87902A51FFD5008CAEAC /* Constants.swift in Sources */,
				FF4F928A2A4F065100D803B8 /* CustomModifiers.swift in Sources */,
				FF1DAB502A47C43200DABE85 /* LocationMapView.swift in Sources */,
				FFFD87972A523397008CAEAC /* LocationMapViewModel.swift in Sources */,
				FF1DAB522A47C5D000DABE85 /* LocationListView.swift in Sources */,
				FFFD878A2A51ECE4008CAEAC /* MockData.swift in Sources */,
				FF7924202A49C163007F083B /* LocationDetailView.swift in Sources */,
				FFFD87882A51EB7C008CAEAC /* DDGProfile.swift in Sources */,
				FFFD87862A51E20B008CAEAC /* DDGLocation.swift in Sources */,
				FF1DAB4E2A47C35200DABE85 /* AppTabView.swift in Sources */,
				FF1DAB542A47C5E000DABE85 /* ProfileView.swift in Sources */,
				FFFD878D2A51FE97008CAEAC /* CloudKitManager.swift in Sources */,
				FFFD87942A522E53008CAEAC /* AlertItem.swift in Sources */,
				FF4F928C2A4F067500D803B8 /* View+Ext.swift in Sources */,
				FF4F92862A4EFB2000D803B8 /* LocationCell.swift in Sources */,
				FFFD87922A5204FC008CAEAC /* CKRecord+Ext.swift in Sources */,
				FF4F928E2A4F072600D803B8 /* DDGButton.swift in Sources */,
				FF4F92882A4EFB6300D803B8 /* AvatarView.swift in Sources */,
				FF1DAB4C2A47C1E000DABE85 /* Color+Ext.swift in Sources */,
			);
			runOnlyForDeploymentPostprocessing = 0;
		};
/* End PBXSourcesBuildPhase section */

/* Begin XCBuildConfiguration section */
		FF1DAB452A47BF4300DABE85 /* Debug */ = {
			isa = XCBuildConfiguration;
			buildSettings = {
				ALWAYS_SEARCH_USER_PATHS = NO;
				CLANG_ANALYZER_NONNULL = YES;
				CLANG_ANALYZER_NUMBER_OBJECT_CONVERSION = YES_AGGRESSIVE;
				CLANG_CXX_LANGUAGE_STANDARD = "gnu++20";
				CLANG_ENABLE_MODULES = YES;
				CLANG_ENABLE_OBJC_ARC = YES;
				CLANG_ENABLE_OBJC_WEAK = YES;
				CLANG_WARN_BLOCK_CAPTURE_AUTORELEASING = YES;
				CLANG_WARN_BOOL_CONVERSION = YES;
				CLANG_WARN_COMMA = YES;
				CLANG_WARN_CONSTANT_CONVERSION = YES;
				CLANG_WARN_DEPRECATED_OBJC_IMPLEMENTATIONS = YES;
				CLANG_WARN_DIRECT_OBJC_ISA_USAGE = YES_ERROR;
				CLANG_WARN_DOCUMENTATION_COMMENTS = YES;
				CLANG_WARN_EMPTY_BODY = YES;
				CLANG_WARN_ENUM_CONVERSION = YES;
				CLANG_WARN_INFINITE_RECURSION = YES;
				CLANG_WARN_INT_CONVERSION = YES;
				CLANG_WARN_NON_LITERAL_NULL_CONVERSION = YES;
				CLANG_WARN_OBJC_IMPLICIT_RETAIN_SELF = YES;
				CLANG_WARN_OBJC_LITERAL_CONVERSION = YES;
				CLANG_WARN_OBJC_ROOT_CLASS = YES_ERROR;
				CLANG_WARN_QUOTED_INCLUDE_IN_FRAMEWORK_HEADER = YES;
				CLANG_WARN_RANGE_LOOP_ANALYSIS = YES;
				CLANG_WARN_STRICT_PROTOTYPES = YES;
				CLANG_WARN_SUSPICIOUS_MOVE = YES;
				CLANG_WARN_UNGUARDED_AVAILABILITY = YES_AGGRESSIVE;
				CLANG_WARN_UNREACHABLE_CODE = YES;
				CLANG_WARN__DUPLICATE_METHOD_MATCH = YES;
				COPY_PHASE_STRIP = NO;
				DEBUG_INFORMATION_FORMAT = dwarf;
				ENABLE_STRICT_OBJC_MSGSEND = YES;
				ENABLE_TESTABILITY = YES;
				GCC_C_LANGUAGE_STANDARD = gnu11;
				GCC_DYNAMIC_NO_PIC = NO;
				GCC_NO_COMMON_BLOCKS = YES;
				GCC_OPTIMIZATION_LEVEL = 0;
				GCC_PREPROCESSOR_DEFINITIONS = (
					"DEBUG=1",
					"$(inherited)",
				);
				GCC_WARN_64_TO_32_BIT_CONVERSION = YES;
				GCC_WARN_ABOUT_RETURN_TYPE = YES_ERROR;
				GCC_WARN_UNDECLARED_SELECTOR = YES;
				GCC_WARN_UNINITIALIZED_AUTOS = YES_AGGRESSIVE;
				GCC_WARN_UNUSED_FUNCTION = YES;
				GCC_WARN_UNUSED_VARIABLE = YES;
				IPHONEOS_DEPLOYMENT_TARGET = 16.4;
				MTL_ENABLE_DEBUG_INFO = INCLUDE_SOURCE;
				MTL_FAST_MATH = YES;
				ONLY_ACTIVE_ARCH = YES;
				SDKROOT = iphoneos;
				SWIFT_ACTIVE_COMPILATION_CONDITIONS = DEBUG;
				SWIFT_OPTIMIZATION_LEVEL = "-Onone";
			};
			name = Debug;
		};
		FF1DAB462A47BF4300DABE85 /* Release */ = {
			isa = XCBuildConfiguration;
			buildSettings = {
				ALWAYS_SEARCH_USER_PATHS = NO;
				CLANG_ANALYZER_NONNULL = YES;
				CLANG_ANALYZER_NUMBER_OBJECT_CONVERSION = YES_AGGRESSIVE;
				CLANG_CXX_LANGUAGE_STANDARD = "gnu++20";
				CLANG_ENABLE_MODULES = YES;
				CLANG_ENABLE_OBJC_ARC = YES;
				CLANG_ENABLE_OBJC_WEAK = YES;
				CLANG_WARN_BLOCK_CAPTURE_AUTORELEASING = YES;
				CLANG_WARN_BOOL_CONVERSION = YES;
				CLANG_WARN_COMMA = YES;
				CLANG_WARN_CONSTANT_CONVERSION = YES;
				CLANG_WARN_DEPRECATED_OBJC_IMPLEMENTATIONS = YES;
				CLANG_WARN_DIRECT_OBJC_ISA_USAGE = YES_ERROR;
				CLANG_WARN_DOCUMENTATION_COMMENTS = YES;
				CLANG_WARN_EMPTY_BODY = YES;
				CLANG_WARN_ENUM_CONVERSION = YES;
				CLANG_WARN_INFINITE_RECURSION = YES;
				CLANG_WARN_INT_CONVERSION = YES;
				CLANG_WARN_NON_LITERAL_NULL_CONVERSION = YES;
				CLANG_WARN_OBJC_IMPLICIT_RETAIN_SELF = YES;
				CLANG_WARN_OBJC_LITERAL_CONVERSION = YES;
				CLANG_WARN_OBJC_ROOT_CLASS = YES_ERROR;
				CLANG_WARN_QUOTED_INCLUDE_IN_FRAMEWORK_HEADER = YES;
				CLANG_WARN_RANGE_LOOP_ANALYSIS = YES;
				CLANG_WARN_STRICT_PROTOTYPES = YES;
				CLANG_WARN_SUSPICIOUS_MOVE = YES;
				CLANG_WARN_UNGUARDED_AVAILABILITY = YES_AGGRESSIVE;
				CLANG_WARN_UNREACHABLE_CODE = YES;
				CLANG_WARN__DUPLICATE_METHOD_MATCH = YES;
				COPY_PHASE_STRIP = NO;
				DEBUG_INFORMATION_FORMAT = "dwarf-with-dsym";
				ENABLE_NS_ASSERTIONS = NO;
				ENABLE_STRICT_OBJC_MSGSEND = YES;
				GCC_C_LANGUAGE_STANDARD = gnu11;
				GCC_NO_COMMON_BLOCKS = YES;
				GCC_WARN_64_TO_32_BIT_CONVERSION = YES;
				GCC_WARN_ABOUT_RETURN_TYPE = YES_ERROR;
				GCC_WARN_UNDECLARED_SELECTOR = YES;
				GCC_WARN_UNINITIALIZED_AUTOS = YES_AGGRESSIVE;
				GCC_WARN_UNUSED_FUNCTION = YES;
				GCC_WARN_UNUSED_VARIABLE = YES;
				IPHONEOS_DEPLOYMENT_TARGET = 16.4;
				MTL_ENABLE_DEBUG_INFO = NO;
				MTL_FAST_MATH = YES;
				SDKROOT = iphoneos;
				SWIFT_COMPILATION_MODE = wholemodule;
				SWIFT_OPTIMIZATION_LEVEL = "-O";
				VALIDATE_PRODUCT = YES;
			};
			name = Release;
		};
		FF1DAB482A47BF4300DABE85 /* Debug */ = {
			isa = XCBuildConfiguration;
			buildSettings = {
				ASSETCATALOG_COMPILER_APPICON_NAME = AppIcon;
				ASSETCATALOG_COMPILER_GLOBAL_ACCENT_COLOR_NAME = AccentColor;
				CODE_SIGN_ENTITLEMENTS = DubDubGrub/DubDubGrub.entitlements;
				CODE_SIGN_STYLE = Automatic;
				CURRENT_PROJECT_VERSION = 1;
				DEVELOPMENT_ASSET_PATHS = "\"DubDubGrub/Preview Content\"";
				DEVELOPMENT_TEAM = UPXJ6R7P95;
				ENABLE_PREVIEWS = YES;
				GENERATE_INFOPLIST_FILE = YES;
				INFOPLIST_KEY_UIApplicationSceneManifest_Generation = YES;
				INFOPLIST_KEY_UIApplicationSupportsIndirectInputEvents = YES;
				INFOPLIST_KEY_UILaunchScreen_Generation = YES;
				INFOPLIST_KEY_UISupportedInterfaceOrientations_iPad = "UIInterfaceOrientationPortrait UIInterfaceOrientationPortraitUpsideDown UIInterfaceOrientationLandscapeLeft UIInterfaceOrientationLandscapeRight";
				INFOPLIST_KEY_UISupportedInterfaceOrientations_iPhone = "UIInterfaceOrientationPortrait UIInterfaceOrientationLandscapeLeft UIInterfaceOrientationLandscapeRight";
				LD_RUNPATH_SEARCH_PATHS = (
					"$(inherited)",
					"@executable_path/Frameworks",
				);
				MARKETING_VERSION = 1.0;
				PRODUCT_BUNDLE_IDENTIFIER = com.codablecode.DubDubGrub;
				PRODUCT_NAME = "$(TARGET_NAME)";
				SWIFT_EMIT_LOC_STRINGS = YES;
				SWIFT_VERSION = 5.0;
				TARGETED_DEVICE_FAMILY = "1,2";
			};
			name = Debug;
		};
		FF1DAB492A47BF4300DABE85 /* Release */ = {
			isa = XCBuildConfiguration;
			buildSettings = {
				ASSETCATALOG_COMPILER_APPICON_NAME = AppIcon;
				ASSETCATALOG_COMPILER_GLOBAL_ACCENT_COLOR_NAME = AccentColor;
				CODE_SIGN_ENTITLEMENTS = DubDubGrub/DubDubGrub.entitlements;
				CODE_SIGN_STYLE = Automatic;
				CURRENT_PROJECT_VERSION = 1;
				DEVELOPMENT_ASSET_PATHS = "\"DubDubGrub/Preview Content\"";
				DEVELOPMENT_TEAM = UPXJ6R7P95;
				ENABLE_PREVIEWS = YES;
				GENERATE_INFOPLIST_FILE = YES;
				INFOPLIST_KEY_UIApplicationSceneManifest_Generation = YES;
				INFOPLIST_KEY_UIApplicationSupportsIndirectInputEvents = YES;
				INFOPLIST_KEY_UILaunchScreen_Generation = YES;
				INFOPLIST_KEY_UISupportedInterfaceOrientations_iPad = "UIInterfaceOrientationPortrait UIInterfaceOrientationPortraitUpsideDown UIInterfaceOrientationLandscapeLeft UIInterfaceOrientationLandscapeRight";
				INFOPLIST_KEY_UISupportedInterfaceOrientations_iPhone = "UIInterfaceOrientationPortrait UIInterfaceOrientationLandscapeLeft UIInterfaceOrientationLandscapeRight";
				LD_RUNPATH_SEARCH_PATHS = (
					"$(inherited)",
					"@executable_path/Frameworks",
				);
				MARKETING_VERSION = 1.0;
				PRODUCT_BUNDLE_IDENTIFIER = com.codablecode.DubDubGrub;
				PRODUCT_NAME = "$(TARGET_NAME)";
				SWIFT_EMIT_LOC_STRINGS = YES;
				SWIFT_VERSION = 5.0;
				TARGETED_DEVICE_FAMILY = "1,2";
			};
			name = Release;
		};
/* End XCBuildConfiguration section */

/* Begin XCConfigurationList section */
		FF1DAB342A47BF4100DABE85 /* Build configuration list for PBXProject "DubDubGrub" */ = {
			isa = XCConfigurationList;
			buildConfigurations = (
				FF1DAB452A47BF4300DABE85 /* Debug */,
				FF1DAB462A47BF4300DABE85 /* Release */,
			);
			defaultConfigurationIsVisible = 0;
			defaultConfigurationName = Release;
		};
		FF1DAB472A47BF4300DABE85 /* Build configuration list for PBXNativeTarget "DubDubGrub" */ = {
			isa = XCConfigurationList;
			buildConfigurations = (
				FF1DAB482A47BF4300DABE85 /* Debug */,
				FF1DAB492A47BF4300DABE85 /* Release */,
			);
			defaultConfigurationIsVisible = 0;
			defaultConfigurationName = Release;
		};
/* End XCConfigurationList section */
	};
	rootObject = FF1DAB312A47BF4100DABE85 /* Project object */;
}
